{
    "name": "employee-tracker",
    "version": "1.0.0",
    "lockfileVersion": 2,
    "requires": true,
    "packages": {
      // Details about installed packages and their versions
      "": {
        "version": "1.0.0",
        "resolved": "https://registry.npmjs.org/employee-management-cli/-/employee-management-cli-1.0.0.tgz",
        // More details...
      },
      "node_modules/inquirer": {
        "version": "8.0.0",
        "resolved": "https://registry.npmjs.org/inquirer/-/inquirer-8.0.0.tgz",
        // More details...
      },
      "node_modules/mysql": {
        "version": "2.18.1",
        "resolved": "https://registry.npmjs.org/mysql/-/mysql-2.18.1.tgz",
        // More details...
      },
      // More installed package details...
    },
    "dependencies": {
      // Details about installed dependencies
      "inquirer": {
        "version": "8.0.0",
        "resolved": "https://registry.npmjs.org/inquirer/-/inquirer-8.0.0.tgz",
        // More details...
      },
      "mysql": {
        "version": "2.18.1",
        "resolved": "https://registry.npmjs.org/mysql/-/mysql-2.18.1.tgz",
        // More details...
      },
      // More dependencies...
    }
  }
  